
Microsoft Visual Studio Solution File, Format Version 12.00
# Visual Studio 15
VisualStudioVersion = 15.0.28307.271
MinimumVisualStudioVersion = 10.0.40219.1
Project("{FAE04EC0-301F-11D3-BF4B-00C04F79EFBC}") = "ResxTranslator", "ResxTranslator\ResxTranslator.csproj", "{59217756-8357-4C4B-83DB-594B6A23710B}"
EndProject
Project("{FAE04EC0-301F-11D3-BF4B-00C04F79EFBC}") = "AppTests", "AppTests\AppTests.csproj", "{6E5909C3-C2BA-421F-964A-AC441D988D4E}"
EndProject
Global
	GlobalSection(SolutionConfigurationPlatforms) = preSolution
		Debug|Any CPU = Debug|Any CPU
		Debug|x64 = Debug|x64
		Release|Any CPU = Release|Any CPU
		Release|x64 = Release|x64
	EndGlobalSection
	GlobalSection(ProjectConfigurationPlatforms) = postSolution
		{59217756-8357-4C4B-83DB-594B6A23710B}.Debug|Any CPU.ActiveCfg = Debug|Any CPU
		{59217756-8357-4C4B-83DB-594B6A23710B}.Debug|Any CPU.Build.0 = Debug|Any CPU
		{59217756-8357-4C4B-83DB-594B6A23710B}.Debug|x64.ActiveCfg = Debug|Any CPU
		{59217756-8357-4C4B-83DB-594B6A23710B}.Debug|x64.Build.0 = Debug|Any CPU
		{59217756-8357-4C4B-83DB-594B6A23710B}.Release|Any CPU.ActiveCfg = Release|Any CPU
		{59217756-8357-4C4B-83DB-594B6A23710B}.Release|Any CPU.Build.0 = Release|Any CPU
		{59217756-8357-4C4B-83DB-594B6A23710B}.Release|x64.ActiveCfg = Release|Any CPU
		{59217756-8357-4C4B-83DB-594B6A23710B}.Release|x64.Build.0 = Release|Any CPU
		{6E5909C3-C2BA-421F-964A-AC441D988D4E}.Debug|Any CPU.ActiveCfg = Debug|Any CPU
		{6E5909C3-C2BA-421F-964A-AC441D988D4E}.Debug|Any CPU.Build.0 = Debug|Any CPU
		{6E5909C3-C2BA-421F-964A-AC441D988D4E}.Debug|x64.ActiveCfg = Debug|Any CPU
		{6E5909C3-C2BA-421F-964A-AC441D988D4E}.Debug|x64.Build.0 = Debug|Any CPU
		{6E5909C3-C2BA-421F-964A-AC441D988D4E}.Release|Any CPU.ActiveCfg = Release|Any CPU
		{6E5909C3-C2BA-421F-964A-AC441D988D4E}.Release|Any CPU.Build.0 = Release|Any CPU
		{6E5909C3-C2BA-421F-964A-AC441D988D4E}.Release|x64.ActiveCfg = Release|Any CPU
		{6E5909C3-C2BA-421F-964A-AC441D988D4E}.Release|x64.Build.0 = Release|Any CPU
	EndGlobalSection
	GlobalSection(SolutionProperties) = preSolution
		HideSolutionNode = FALSE
	EndGlobalSection
	GlobalSection(ExtensibilityGlobals) = postSolution
		SolutionGuid = {E4D7B88A-AD9A-462F-80B2-28F9727B58B0}
	EndGlobalSection
EndGlobal
